
Microsoft Visual Studio Solution File, Format Version 12.00
# Visual Studio Version 16
VisualStudioVersion = 16.0.28803.202
MinimumVisualStudioVersion = 10.0.40219.1
Project("{FAE04EC0-301F-11D3-BF4B-00C04F79EFBC}") = "AndroidApp", "AndroidApp\AndroidApp.csproj", "{00DF2458-5DB9-42AA-8588-562A3186E006}"
EndProject
Global
	GlobalSection(SolutionConfigurationPlatforms) = preSolution
		Debug|Any CPU = Debug|Any CPU
		Release|Any CPU = Release|Any CPU
	EndGlobalSection
	GlobalSection(ProjectConfigurationPlatforms) = postSolution
		{00DF2458-5DB9-42AA-8588-562A3186E006}.Debug|Any CPU.ActiveCfg = Debug|Any CPU
		{00DF2458-5DB9-42AA-8588-562A3186E006}.Debug|Any CPU.Build.0 = Debug|Any CPU
		{00DF2458-5DB9-42AA-8588-562A3186E006}.Debug|Any CPU.Deploy.0 = Debug|Any CPU
		{00DF2458-5DB9-42AA-8588-562A3186E006}.Release|Any CPU.ActiveCfg = Release|Any CPU
		{00DF2458-5DB9-42AA-8588-562A3186E006}.Release|Any CPU.Build.0 = Release|Any CPU
		{00DF2458-5DB9-42AA-8588-562A3186E006}.Release|Any CPU.Deploy.0 = Release|Any CPU
	EndGlobalSection
	GlobalSection(SolutionProperties) = preSolution
		HideSolutionNode = FALSE
	EndGlobalSection
	GlobalSection(ExtensibilityGlobals) = postSolution
		SolutionGuid = {201E3B81-E4A4-4851-BC55-F56BA3C41A2A}
	EndGlobalSection
EndGlobal
