
Microsoft Visual Studio Solution File, Format Version 12.00
# Visual Studio 15
VisualStudioVersion = 15.0.28010.2026
MinimumVisualStudioVersion = 10.0.40219.1
Project("{FAE04EC0-301F-11D3-BF4B-00C04F79EFBC}") = "EmailSender.BLL", "EmailSender.BLL\EmailSender.BLL.csproj", "{D1A785F0-704B-41B6-92A9-8CB569D8A083}"
EndProject
Project("{FAE04EC0-301F-11D3-BF4B-00C04F79EFBC}") = "EmailSender.UWP", "EmailSender.UWP\EmailSender.UWP.csproj", "{FDDEAF80-7213-401E-8F4B-24E6DD494B5D}"
EndProject
Global
	GlobalSection(SolutionConfigurationPlatforms) = preSolution
		Debug|Any CPU = Debug|Any CPU
		Debug|ARM = Debug|ARM
		Debug|x64 = Debug|x64
		Debug|x86 = Debug|x86
		Release|Any CPU = Release|Any CPU
		Release|ARM = Release|ARM
		Release|x64 = Release|x64
		Release|x86 = Release|x86
	EndGlobalSection
	GlobalSection(ProjectConfigurationPlatforms) = postSolution
		{D1A785F0-704B-41B6-92A9-8CB569D8A083}.Debug|Any CPU.ActiveCfg = Debug|Any CPU
		{D1A785F0-704B-41B6-92A9-8CB569D8A083}.Debug|Any CPU.Build.0 = Debug|Any CPU
		{D1A785F0-704B-41B6-92A9-8CB569D8A083}.Debug|ARM.ActiveCfg = Debug|Any CPU
		{D1A785F0-704B-41B6-92A9-8CB569D8A083}.Debug|ARM.Build.0 = Debug|Any CPU
		{D1A785F0-704B-41B6-92A9-8CB569D8A083}.Debug|x64.ActiveCfg = Debug|Any CPU
		{D1A785F0-704B-41B6-92A9-8CB569D8A083}.Debug|x64.Build.0 = Debug|Any CPU
		{D1A785F0-704B-41B6-92A9-8CB569D8A083}.Debug|x86.ActiveCfg = Debug|Any CPU
		{D1A785F0-704B-41B6-92A9-8CB569D8A083}.Debug|x86.Build.0 = Debug|Any CPU
		{D1A785F0-704B-41B6-92A9-8CB569D8A083}.Release|Any CPU.ActiveCfg = Release|Any CPU
		{D1A785F0-704B-41B6-92A9-8CB569D8A083}.Release|Any CPU.Build.0 = Release|Any CPU
		{D1A785F0-704B-41B6-92A9-8CB569D8A083}.Release|ARM.ActiveCfg = Release|Any CPU
		{D1A785F0-704B-41B6-92A9-8CB569D8A083}.Release|ARM.Build.0 = Release|Any CPU
		{D1A785F0-704B-41B6-92A9-8CB569D8A083}.Release|x64.ActiveCfg = Release|Any CPU
		{D1A785F0-704B-41B6-92A9-8CB569D8A083}.Release|x64.Build.0 = Release|Any CPU
		{D1A785F0-704B-41B6-92A9-8CB569D8A083}.Release|x86.ActiveCfg = Release|Any CPU
		{D1A785F0-704B-41B6-92A9-8CB569D8A083}.Release|x86.Build.0 = Release|Any CPU
		{FDDEAF80-7213-401E-8F4B-24E6DD494B5D}.Debug|Any CPU.ActiveCfg = Debug|x86
		{FDDEAF80-7213-401E-8F4B-24E6DD494B5D}.Debug|ARM.ActiveCfg = Debug|ARM
		{FDDEAF80-7213-401E-8F4B-24E6DD494B5D}.Debug|ARM.Build.0 = Debug|ARM
		{FDDEAF80-7213-401E-8F4B-24E6DD494B5D}.Debug|ARM.Deploy.0 = Debug|ARM
		{FDDEAF80-7213-401E-8F4B-24E6DD494B5D}.Debug|x64.ActiveCfg = Debug|x64
		{FDDEAF80-7213-401E-8F4B-24E6DD494B5D}.Debug|x64.Build.0 = Debug|x64
		{FDDEAF80-7213-401E-8F4B-24E6DD494B5D}.Debug|x64.Deploy.0 = Debug|x64
		{FDDEAF80-7213-401E-8F4B-24E6DD494B5D}.Debug|x86.ActiveCfg = Debug|x86
		{FDDEAF80-7213-401E-8F4B-24E6DD494B5D}.Debug|x86.Build.0 = Debug|x86
		{FDDEAF80-7213-401E-8F4B-24E6DD494B5D}.Debug|x86.Deploy.0 = Debug|x86
		{FDDEAF80-7213-401E-8F4B-24E6DD494B5D}.Release|Any CPU.ActiveCfg = Release|x86
		{FDDEAF80-7213-401E-8F4B-24E6DD494B5D}.Release|ARM.ActiveCfg = Release|ARM
		{FDDEAF80-7213-401E-8F4B-24E6DD494B5D}.Release|ARM.Build.0 = Release|ARM
		{FDDEAF80-7213-401E-8F4B-24E6DD494B5D}.Release|ARM.Deploy.0 = Release|ARM
		{FDDEAF80-7213-401E-8F4B-24E6DD494B5D}.Release|x64.ActiveCfg = Release|x64
		{FDDEAF80-7213-401E-8F4B-24E6DD494B5D}.Release|x64.Build.0 = Release|x64
		{FDDEAF80-7213-401E-8F4B-24E6DD494B5D}.Release|x64.Deploy.0 = Release|x64
		{FDDEAF80-7213-401E-8F4B-24E6DD494B5D}.Release|x86.ActiveCfg = Release|x86
		{FDDEAF80-7213-401E-8F4B-24E6DD494B5D}.Release|x86.Build.0 = Release|x86
		{FDDEAF80-7213-401E-8F4B-24E6DD494B5D}.Release|x86.Deploy.0 = Release|x86
	EndGlobalSection
	GlobalSection(SolutionProperties) = preSolution
		HideSolutionNode = FALSE
	EndGlobalSection
	GlobalSection(ExtensibilityGlobals) = postSolution
		SolutionGuid = {0433E679-1962-4091-B8D4-6A3DDA6AACBA}
	EndGlobalSection
EndGlobal
