
Microsoft Visual Studio Solution File, Format Version 12.00
# Visual Studio 15
VisualStudioVersion = 15.0.26730.16
MinimumVisualStudioVersion = 10.0.40219.1
Project("{FAE04EC0-301F-11D3-BF4B-00C04F79EFBC}") = "Youtube view Increaser", "Youtube view Increaser\Youtube view Increaser.csproj", "{4A563125-DEA0-4CF5-8F34-9059865A5BE0}"
EndProject
Project("{FAE04EC0-301F-11D3-BF4B-00C04F79EFBC}") = "ProxyDownloader", "ProxyDownloader\ProxyDownloader.csproj", "{C3296553-B53A-4757-A60A-BC6366DE5631}"
EndProject
Global
	GlobalSection(SolutionConfigurationPlatforms) = preSolution
		Debug|Any CPU = Debug|Any CPU
		Release|Any CPU = Release|Any CPU
	EndGlobalSection
	GlobalSection(ProjectConfigurationPlatforms) = postSolution
		{4A563125-DEA0-4CF5-8F34-9059865A5BE0}.Debug|Any CPU.ActiveCfg = Debug|Any CPU
		{4A563125-DEA0-4CF5-8F34-9059865A5BE0}.Debug|Any CPU.Build.0 = Debug|Any CPU
		{4A563125-DEA0-4CF5-8F34-9059865A5BE0}.Release|Any CPU.ActiveCfg = Release|Any CPU
		{4A563125-DEA0-4CF5-8F34-9059865A5BE0}.Release|Any CPU.Build.0 = Release|Any CPU
		{C3296553-B53A-4757-A60A-BC6366DE5631}.Debug|Any CPU.ActiveCfg = Debug|Any CPU
		{C3296553-B53A-4757-A60A-BC6366DE5631}.Debug|Any CPU.Build.0 = Debug|Any CPU
		{C3296553-B53A-4757-A60A-BC6366DE5631}.Release|Any CPU.ActiveCfg = Release|Any CPU
		{C3296553-B53A-4757-A60A-BC6366DE5631}.Release|Any CPU.Build.0 = Release|Any CPU
	EndGlobalSection
	GlobalSection(SolutionProperties) = preSolution
		HideSolutionNode = FALSE
	EndGlobalSection
	GlobalSection(ExtensibilityGlobals) = postSolution
		SolutionGuid = {BCA217DA-531A-4F11-BB07-AD1E46CB0CF7}
	EndGlobalSection
EndGlobal
